// !$*UTF8*$!
{
	archiveVersion = 1;
	classes = {
	};
	objectVersion = 50;
	objects = {

/* Begin PBXBuildFile section */
		0E3FACF720A4282700422E74 /* HeadV_TableviewVC.m in Sources */ = {isa = PBXBuildFile; fileRef = 0E3FACF520A4282700422E74 /* HeadV_TableviewVC.m */; };
		0E4A56352098559E00FB030E /* AppDelegate.m in Sources */ = {isa = PBXBuildFile; fileRef = 0E4A56342098559E00FB030E /* AppDelegate.m */; };
		0E4A56382098559E00FB030E /* ViewController.m in Sources */ = {isa = PBXBuildFile; fileRef = 0E4A56372098559E00FB030E /* ViewController.m */; };
		0E4A563B2098559E00FB030E /* Main.storyboard in Resources */ = {isa = PBXBuildFile; fileRef = 0E4A56392098559E00FB030E /* Main.storyboard */; };
		0E4A563D209855A200FB030E /* Assets.xcassets in Resources */ = {isa = PBXBuildFile; fileRef = 0E4A563C209855A200FB030E /* Assets.xcassets */; };
		0E4A5640209855A200FB030E /* LaunchScreen.storyboard in Resources */ = {isa = PBXBuildFile; fileRef = 0E4A563E209855A200FB030E /* LaunchScreen.storyboard */; };
		0E4A5643209855A200FB030E /* main.m in Sources */ = {isa = PBXBuildFile; fileRef = 0E4A5642209855A200FB030E /* main.m */; };
		0E4A564D209855A200FB030E /* ScrollviewDemoTests.m in Sources */ = {isa = PBXBuildFile; fileRef = 0E4A564C209855A200FB030E /* ScrollviewDemoTests.m */; };
		0E4A5658209855A200FB030E /* ScrollviewDemoUITests.m in Sources */ = {isa = PBXBuildFile; fileRef = 0E4A5657209855A200FB030E /* ScrollviewDemoUITests.m */; };
/* End PBXBuildFile section */

/* Begin PBXContainerItemProxy section */
		0E4A5649209855A200FB030E /* PBXContainerItemProxy */ = {
			isa = PBXContainerItemProxy;
			containerPortal = 0E4A56282098559E00FB030E /* Project object */;
			proxyType = 1;
			remoteGlobalIDString = 0E4A562F2098559E00FB030E;
			remoteInfo = ScrollviewDemo;
		};
		0E4A5654209855A200FB030E /* PBXContainerItemProxy */ = {
			isa = PBXContainerItemProxy;
			containerPortal = 0E4A56282098559E00FB030E /* Project object */;
			proxyType = 1;
			remoteGlobalIDString = 0E4A562F2098559E00FB030E;
			remoteInfo = ScrollviewDemo;
		};
/* End PBXContainerItemProxy section */

/* Begin PBXFileReference section */
		0E3FACF420A4282700422E74 /* HeadV_TableviewVC.h */ = {isa = PBXFileReference; lastKnownFileType = sourcecode.c.h; path = HeadV_TableviewVC.h; sourceTree = "<group>"; };
		0E3FACF520A4282700422E74 /* HeadV_TableviewVC.m */ = {isa = PBXFileReference; lastKnownFileType = sourcecode.c.objc; path = HeadV_TableviewVC.m; sourceTree = "<group>"; };
		0E4A56302098559E00FB030E /* ScrollviewDemo.app */ = {isa = PBXFileReference; explicitFileType = wrapper.application; includeInIndex = 0; path = ScrollviewDemo.app; sourceTree = BUILT_PRODUCTS_DIR; };
		0E4A56332098559E00FB030E /* AppDelegate.h */ = {isa = PBXFileReference; lastKnownFileType = sourcecode.c.h; path = AppDelegate.h; sourceTree = "<group>"; };
		0E4A56342098559E00FB030E /* AppDelegate.m */ = {isa = PBXFileReference; lastKnownFileType = sourcecode.c.objc; path = AppDelegate.m; sourceTree = "<group>"; };
		0E4A56362098559E00FB030E /* ViewController.h */ = {isa = PBXFileReference; lastKnownFileType = sourcecode.c.h; path = ViewController.h; sourceTree = "<group>"; };
		0E4A56372098559E00FB030E /* ViewController.m */ = {isa = PBXFileReference; lastKnownFileType = sourcecode.c.objc; path = ViewController.m; sourceTree = "<group>"; };
		0E4A563A2098559E00FB030E /* Base */ = {isa = PBXFileReference; lastKnownFileType = file.storyboard; name = Base; path = Base.lproj/Main.storyboard; sourceTree = "<group>"; };
		0E4A563C209855A200FB030E /* Assets.xcassets */ = {isa = PBXFileReference; lastKnownFileType = folder.assetcatalog; path = Assets.xcassets; sourceTree = "<group>"; };
		0E4A563F209855A200FB030E /* Base */ = {isa = PBXFileReference; lastKnownFileType = file.storyboard; name = Base; path = Base.lproj/LaunchScreen.storyboard; sourceTree = "<group>"; };
		0E4A5641209855A200FB030E /* Info.plist */ = {isa = PBXFileReference; lastKnownFileType = text.plist.xml; path = Info.plist; sourceTree = "<group>"; };
		0E4A5642209855A200FB030E /* main.m */ = {isa = PBXFileReference; lastKnownFileType = sourcecode.c.objc; path = main.m; sourceTree = "<group>"; };
		0E4A5648209855A200FB030E /* ScrollviewDemoTests.xctest */ = {isa = PBXFileReference; explicitFileType = wrapper.cfbundle; includeInIndex = 0; path = ScrollviewDemoTests.xctest; sourceTree = BUILT_PRODUCTS_DIR; };
		0E4A564C209855A200FB030E /* ScrollviewDemoTests.m */ = {isa = PBXFileReference; lastKnownFileType = sourcecode.c.objc; path = ScrollviewDemoTests.m; sourceTree = "<group>"; };
		0E4A564E209855A200FB030E /* Info.plist */ = {isa = PBXFileReference; lastKnownFileType = text.plist.xml; path = Info.plist; sourceTree = "<group>"; };
		0E4A5653209855A200FB030E /* ScrollviewDemoUITests.xctest */ = {isa = PBXFileReference; explicitFileType = wrapper.cfbundle; includeInIndex = 0; path = ScrollviewDemoUITests.xctest; sourceTree = BUILT_PRODUCTS_DIR; };
		0E4A5657209855A200FB030E /* ScrollviewDemoUITests.m */ = {isa = PBXFileReference; lastKnownFileType = sourcecode.c.objc; path = ScrollviewDemoUITests.m; sourceTree = "<group>"; };
		0E4A5659209855A200FB030E /* Info.plist */ = {isa = PBXFileReference; lastKnownFileType = text.plist.xml; path = Info.plist; sourceTree = "<group>"; };
/* End PBXFileReference section */

/* Begin PBXFrameworksBuildPhase section */
		0E4A562D2098559E00FB030E /* Frameworks */ = {
			isa = PBXFrameworksBuildPhase;
			buildActionMask = 2147483647;
			files = (
			);
			runOnlyForDeploymentPostprocessing = 0;
		};
		0E4A5645209855A200FB030E /* Frameworks */ = {
			isa = PBXFrameworksBuildPhase;
			buildActionMask = 2147483647;
			files = (
			);
			runOnlyForDeploymentPostprocessing = 0;
		};
		0E4A5650209855A200FB030E /* Frameworks */ = {
			isa = PBXFrameworksBuildPhase;
			buildActionMask = 2147483647;
			files = (
			);
			runOnlyForDeploymentPostprocessing = 0;
		};
/* End PBXFrameworksBuildPhase section */

/* Begin PBXGroup section */
		0E4A56272098559E00FB030E = {
			isa = PBXGroup;
			children = (
				0E4A56322098559E00FB030E /* ScrollviewDemo */,
				0E4A564B209855A200FB030E /* ScrollviewDemoTests */,
				0E4A5656209855A200FB030E /* ScrollviewDemoUITests */,
				0E4A56312098559E00FB030E /* Products */,
			);
			sourceTree = "<group>";
		};
		0E4A56312098559E00FB030E /* Products */ = {
			isa = PBXGroup;
			children = (
				0E4A56302098559E00FB030E /* ScrollviewDemo.app */,
				0E4A5648209855A200FB030E /* ScrollviewDemoTests.xctest */,
				0E4A5653209855A200FB030E /* ScrollviewDemoUITests.xctest */,
			);
			name = Products;
			sourceTree = "<group>";
		};
		0E4A56322098559E00FB030E /* ScrollviewDemo */ = {
			isa = PBXGroup;
			children = (
				0E4A56332098559E00FB030E /* AppDelegate.h */,
				0E4A56342098559E00FB030E /* AppDelegate.m */,
				0E4A56362098559E00FB030E /* ViewController.h */,
				0E4A56372098559E00FB030E /* ViewController.m */,
				0E3FACF420A4282700422E74 /* HeadV_TableviewVC.h */,
				0E3FACF520A4282700422E74 /* HeadV_TableviewVC.m */,
				0E4A56392098559E00FB030E /* Main.storyboard */,
				0E4A563C209855A200FB030E /* Assets.xcassets */,
				0E4A563E209855A200FB030E /* LaunchScreen.storyboard */,
				0E4A5641209855A200FB030E /* Info.plist */,
				0E4A5642209855A200FB030E /* main.m */,
			);
			path = ScrollviewDemo;
			sourceTree = "<group>";
		};
		0E4A564B209855A200FB030E /* ScrollviewDemoTests */ = {
			isa = PBXGroup;
			children = (
				0E4A564C209855A200FB030E /* ScrollviewDemoTests.m */,
				0E4A564E209855A200FB030E /* Info.plist */,
			);
			path = ScrollviewDemoTests;
			sourceTree = "<group>";
		};
		0E4A5656209855A200FB030E /* ScrollviewDemoUITests */ = {
			isa = PBXGroup;
			children = (
				0E4A5657209855A200FB030E /* ScrollviewDemoUITests.m */,
				0E4A5659209855A200FB030E /* Info.plist */,
			);
			path = ScrollviewDemoUITests;
			sourceTree = "<group>";
		};
/* End PBXGroup section */

/* Begin PBXNativeTarget section */
		0E4A562F2098559E00FB030E /* ScrollviewDemo */ = {
			isa = PBXNativeTarget;
			buildConfigurationList = 0E4A565C209855A200FB030E /* Build configuration list for PBXNativeTarget "ScrollviewDemo" */;
			buildPhases = (
				0E4A562C2098559E00FB030E /* Sources */,
				0E4A562D2098559E00FB030E /* Frameworks */,
				0E4A562E2098559E00FB030E /* Resources */,
			);
			buildRules = (
			);
			dependencies = (
			);
			name = ScrollviewDemo;
			productName = ScrollviewDemo;
			productReference = 0E4A56302098559E00FB030E /* ScrollviewDemo.app */;
			productType = "com.apple.product-type.application";
		};
		0E4A5647209855A200FB030E /* ScrollviewDemoTests */ = {
			isa = PBXNativeTarget;
			buildConfigurationList = 0E4A565F209855A200FB030E /* Build configuration list for PBXNativeTarget "ScrollviewDemoTests" */;
			buildPhases = (
				0E4A5644209855A200FB030E /* Sources */,
				0E4A5645209855A200FB030E /* Frameworks */,
				0E4A5646209855A200FB030E /* Resources */,
			);
			buildRules = (
			);
			dependencies = (
				0E4A564A209855A200FB030E /* PBXTargetDependency */,
			);
			name = ScrollviewDemoTests;
			productName = ScrollviewDemoTests;
			productReference = 0E4A5648209855A200FB030E /* ScrollviewDemoTests.xctest */;
			productType = "com.apple.product-type.bundle.unit-test";
		};
		0E4A5652209855A200FB030E /* ScrollviewDemoUITests */ = {
			isa = PBXNativeTarget;
			buildConfigurationList = 0E4A5662209855A200FB030E /* Build configuration list for PBXNativeTarget "ScrollviewDemoUITests" */;
			buildPhases = (
				0E4A564F209855A200FB030E /* Sources */,
				0E4A5650209855A200FB030E /* Frameworks */,
				0E4A5651209855A200FB030E /* Resources */,
			);
			buildRules = (
			);
			dependencies = (
				0E4A5655209855A200FB030E /* PBXTargetDependency */,
			);
			name = ScrollviewDemoUITests;
			productName = ScrollviewDemoUITests;
			productReference = 0E4A5653209855A200FB030E /* ScrollviewDemoUITests.xctest */;
			productType = "com.apple.product-type.bundle.ui-testing";
		};
/* End PBXNativeTarget section */

/* Begin PBXProject section */
		0E4A56282098559E00FB030E /* Project object */ = {
			isa = PBXProject;
			attributes = {
				LastUpgradeCheck = 0930;
				ORGANIZATIONNAME = jucaidao;
				TargetAttributes = {
					0E4A562F2098559E00FB030E = {
						CreatedOnToolsVersion = 9.3;
					};
					0E4A5647209855A200FB030E = {
						CreatedOnToolsVersion = 9.3;
						TestTargetID = 0E4A562F2098559E00FB030E;
					};
					0E4A5652209855A200FB030E = {
						CreatedOnToolsVersion = 9.3;
						TestTargetID = 0E4A562F2098559E00FB030E;
					};
				};
			};
			buildConfigurationList = 0E4A562B2098559E00FB030E /* Build configuration list for PBXProject "ScrollviewDemo" */;
			compatibilityVersion = "Xcode 9.3";
			developmentRegion = en;
			hasScannedForEncodings = 0;
			knownRegions = (
				en,
				Base,
			);
			mainGroup = 0E4A56272098559E00FB030E;
			productRefGroup = 0E4A56312098559E00FB030E /* Products */;
			projectDirPath = "";
			projectRoot = "";
			targets = (
				0E4A562F2098559E00FB030E /* ScrollviewDemo */,
				0E4A5647209855A200FB030E /* ScrollviewDemoTests */,
				0E4A5652209855A200FB030E /* ScrollviewDemoUITests */,
			);
		};
/* End PBXProject section */

/* Begin PBXResourcesBuildPhase section */
		0E4A562E2098559E00FB030E /* Resources */ = {
			isa = PBXResourcesBuildPhase;
			buildActionMask = 2147483647;
			files = (
				0E4A5640209855A200FB030E /* LaunchScreen.storyboard in Resources */,
				0E4A563D209855A200FB030E /* Assets.xcassets in Resources */,
				0E4A563B2098559E00FB030E /* Main.storyboard in Resources */,
			);
			runOnlyForDeploymentPostprocessing = 0;
		};
		0E4A5646209855A200FB030E /* Resources */ = {
			isa = PBXResourcesBuildPhase;
			buildActionMask = 2147483647;
			files = (
			);
			runOnlyForDeploymentPostprocessing = 0;
		};
		0E4A5651209855A200FB030E /* Resources */ = {
			isa = PBXResourcesBuildPhase;
			buildActionMask = 2147483647;
			files = (
			);
			runOnlyForDeploymentPostprocessing = 0;
		};
/* End PBXResourcesBuildPhase section */

/* Begin PBXSourcesBuildPhase section */
		0E4A562C2098559E00FB030E /* Sources */ = {
			isa = PBXSourcesBuildPhase;
			buildActionMask = 2147483647;
			files = (
				0E3FACF720A4282700422E74 /* HeadV_TableviewVC.m in Sources */,
				0E4A56382098559E00FB030E /* ViewController.m in Sources */,
				0E4A5643209855A200FB030E /* main.m in Sources */,
				0E4A56352098559E00FB030E /* AppDelegate.m in Sources */,
			);
			runOnlyForDeploymentPostprocessing = 0;
		};
		0E4A5644209855A200FB030E /* Sources */ = {
			isa = PBXSourcesBuildPhase;
			buildActionMask = 2147483647;
			files = (
				0E4A564D209855A200FB030E /* ScrollviewDemoTests.m in Sources */,
			);
			runOnlyForDeploymentPostprocessing = 0;
		};
		0E4A564F209855A200FB030E /* Sources */ = {
			isa = PBXSourcesBuildPhase;
			buildActionMask = 2147483647;
			files = (
				0E4A5658209855A200FB030E /* ScrollviewDemoUITests.m in Sources */,
			);
			runOnlyForDeploymentPostprocessing = 0;
		};
/* End PBXSourcesBuildPhase section */

/* Begin PBXTargetDependency section */
		0E4A564A209855A200FB030E /* PBXTargetDependency */ = {
			isa = PBXTargetDependency;
			target = 0E4A562F2098559E00FB030E /* ScrollviewDemo */;
			targetProxy = 0E4A5649209855A200FB030E /* PBXContainerItemProxy */;
		};
		0E4A5655209855A200FB030E /* PBXTargetDependency */ = {
			isa = PBXTargetDependency;
			target = 0E4A562F2098559E00FB030E /* ScrollviewDemo */;
			targetProxy = 0E4A5654209855A200FB030E /* PBXContainerItemProxy */;
		};
/* End PBXTargetDependency section */

/* Begin PBXVariantGroup section */
		0E4A56392098559E00FB030E /* Main.storyboard */ = {
			isa = PBXVariantGroup;
			children = (
				0E4A563A2098559E00FB030E /* Base */,
			);
			name = Main.storyboard;
			sourceTree = "<group>";
		};
		0E4A563E209855A200FB030E /* LaunchScreen.storyboard */ = {
			isa = PBXVariantGroup;
			children = (
				0E4A563F209855A200FB030E /* Base */,
			);
			name = LaunchScreen.storyboard;
			sourceTree = "<group>";
		};
/* End PBXVariantGroup section */

/* Begin XCBuildConfiguration section */
		0E4A565A209855A200FB030E /* Debug */ = {
			isa = XCBuildConfiguration;
			buildSettings = {
				ALWAYS_SEARCH_USER_PATHS = NO;
				CLANG_ANALYZER_NONNULL = YES;
				CLANG_ANALYZER_NUMBER_OBJECT_CONVERSION = YES_AGGRESSIVE;
				CLANG_CXX_LANGUAGE_STANDARD = "gnu++14";
				CLANG_CXX_LIBRARY = "libc++";
				CLANG_ENABLE_MODULES = YES;
				CLANG_ENABLE_OBJC_ARC = YES;
				CLANG_ENABLE_OBJC_WEAK = YES;
				CLANG_WARN_BLOCK_CAPTURE_AUTORELEASING = YES;
				CLANG_WARN_BOOL_CONVERSION = YES;
				CLANG_WARN_COMMA = YES;
				CLANG_WARN_CONSTANT_CONVERSION = YES;
				CLANG_WARN_DEPRECATED_OBJC_IMPLEMENTATIONS = YES;
				CLANG_WARN_DIRECT_OBJC_ISA_USAGE = YES_ERROR;
				CLANG_WARN_DOCUMENTATION_COMMENTS = YES;
				CLANG_WARN_EMPTY_BODY = YES;
				CLANG_WARN_ENUM_CONVERSION = YES;
				CLANG_WARN_INFINITE_RECURSION = YES;
				CLANG_WARN_INT_CONVERSION = YES;
				CLANG_WARN_NON_LITERAL_NULL_CONVERSION = YES;
				CLANG_WARN_OBJC_IMPLICIT_RETAIN_SELF = YES;
				CLANG_WARN_OBJC_LITERAL_CONVERSION = YES;
				CLANG_WARN_OBJC_ROOT_CLASS = YES_ERROR;
				CLANG_WARN_RANGE_LOOP_ANALYSIS = YES;
				CLANG_WARN_STRICT_PROTOTYPES = YES;
				CLANG_WARN_SUSPICIOUS_MOVE = YES;
				CLANG_WARN_UNGUARDED_AVAILABILITY = YES_AGGRESSIVE;
				CLANG_WARN_UNREACHABLE_CODE = YES;
				CLANG_WARN__DUPLICATE_METHOD_MATCH = YES;
				CODE_SIGN_IDENTITY = "iPhone Developer";
				COPY_PHASE_STRIP = NO;
				DEBUG_INFORMATION_FORMAT = dwarf;
				ENABLE_STRICT_OBJC_MSGSEND = YES;
				ENABLE_TESTABILITY = YES;
				GCC_C_LANGUAGE_STANDARD = gnu11;
				GCC_DYNAMIC_NO_PIC = NO;
				GCC_NO_COMMON_BLOCKS = YES;
				GCC_OPTIMIZATION_LEVEL = 0;
				GCC_PREPROCESSOR_DEFINITIONS = (
					"DEBUG=1",
					"$(inherited)",
				);
				GCC_WARN_64_TO_32_BIT_CONVERSION = YES;
				GCC_WARN_ABOUT_RETURN_TYPE = YES_ERROR;
				GCC_WARN_UNDECLARED_SELECTOR = YES;
				GCC_WARN_UNINITIALIZED_AUTOS = YES_AGGRESSIVE;
				GCC_WARN_UNUSED_FUNCTION = YES;
				GCC_WARN_UNUSED_VARIABLE = YES;
				IPHONEOS_DEPLOYMENT_TARGET = 11.3;
				MTL_ENABLE_DEBUG_INFO = YES;
				ONLY_ACTIVE_ARCH = YES;
				SDKROOT = iphoneos;
			};
			name = Debug;
		};
		0E4A565B209855A200FB030E /* Release */ = {
			isa = XCBuildConfiguration;
			buildSettings = {
				ALWAYS_SEARCH_USER_PATHS = NO;
				CLANG_ANALYZER_NONNULL = YES;
				CLANG_ANALYZER_NUMBER_OBJECT_CONVERSION = YES_AGGRESSIVE;
				CLANG_CXX_LANGUAGE_STANDARD = "gnu++14";
				CLANG_CXX_LIBRARY = "libc++";
				CLANG_ENABLE_MODULES = YES;
				CLANG_ENABLE_OBJC_ARC = YES;
				CLANG_ENABLE_OBJC_WEAK = YES;
				CLANG_WARN_BLOCK_CAPTURE_AUTORELEASING = YES;
				CLANG_WARN_BOOL_CONVERSION = YES;
				CLANG_WARN_COMMA = YES;
				CLANG_WARN_CONSTANT_CONVERSION = YES;
				CLANG_WARN_DEPRECATED_OBJC_IMPLEMENTATIONS = YES;
				CLANG_WARN_DIRECT_OBJC_ISA_USAGE = YES_ERROR;
				CLANG_WARN_DOCUMENTATION_COMMENTS = YES;
				CLANG_WARN_EMPTY_BODY = YES;
				CLANG_WARN_ENUM_CONVERSION = YES;
				CLANG_WARN_INFINITE_RECURSION = YES;
				CLANG_WARN_INT_CONVERSION = YES;
				CLANG_WARN_NON_LITERAL_NULL_CONVERSION = YES;
				CLANG_WARN_OBJC_IMPLICIT_RETAIN_SELF = YES;
				CLANG_WARN_OBJC_LITERAL_CONVERSION = YES;
				CLANG_WARN_OBJC_ROOT_CLASS = YES_ERROR;
				CLANG_WARN_RANGE_LOOP_ANALYSIS = YES;
				CLANG_WARN_STRICT_PROTOTYPES = YES;
				CLANG_WARN_SUSPICIOUS_MOVE = YES;
				CLANG_WARN_UNGUARDED_AVAILABILITY = YES_AGGRESSIVE;
				CLANG_WARN_UNREACHABLE_CODE = YES;
				CLANG_WARN__DUPLICATE_METHOD_MATCH = YES;
				CODE_SIGN_IDENTITY = "iPhone Developer";
				COPY_PHASE_STRIP = NO;
				DEBUG_INFORMATION_FORMAT = "dwarf-with-dsym";
				ENABLE_NS_ASSERTIONS = NO;
				ENABLE_STRICT_OBJC_MSGSEND = YES;
				GCC_C_LANGUAGE_STANDARD = gnu11;
				GCC_NO_COMMON_BLOCKS = YES;
				GCC_WARN_64_TO_32_BIT_CONVERSION = YES;
				GCC_WARN_ABOUT_RETURN_TYPE = YES_ERROR;
				GCC_WARN_UNDECLARED_SELECTOR = YES;
				GCC_WARN_UNINITIALIZED_AUTOS = YES_AGGRESSIVE;
				GCC_WARN_UNUSED_FUNCTION = YES;
				GCC_WARN_UNUSED_VARIABLE = YES;
				IPHONEOS_DEPLOYMENT_TARGET = 11.3;
				MTL_ENABLE_DEBUG_INFO = NO;
				SDKROOT = iphoneos;
				VALIDATE_PRODUCT = YES;
			};
			name = Release;
		};
		0E4A565D209855A200FB030E /* Debug */ = {
			isa = XCBuildConfiguration;
			buildSettings = {
				ASSETCATALOG_COMPILER_APPICON_NAME = AppIcon;
				CODE_SIGN_STYLE = Automatic;
				DEVELOPMENT_TEAM = 69CVW24Z53;
				INFOPLIST_FILE = ScrollviewDemo/Info.plist;
				LD_RUNPATH_SEARCH_PATHS = (
					"$(inherited)",
					"@executable_path/Frameworks",
				);
				PRODUCT_BUNDLE_IDENTIFIER = zj.ScrollviewDemo;
				PRODUCT_NAME = "$(TARGET_NAME)";
				TARGETED_DEVICE_FAMILY = "1,2";
			};
			name = Debug;
		};
		0E4A565E209855A200FB030E /* Release */ = {
			isa = XCBuildConfiguration;
			buildSettings = {
				ASSETCATALOG_COMPILER_APPICON_NAME = AppIcon;
				CODE_SIGN_STYLE = Automatic;
				DEVELOPMENT_TEAM = 69CVW24Z53;
				INFOPLIST_FILE = ScrollviewDemo/Info.plist;
				LD_RUNPATH_SEARCH_PATHS = (
					"$(inherited)",
					"@executable_path/Frameworks",
				);
				PRODUCT_BUNDLE_IDENTIFIER = zj.ScrollviewDemo;
				PRODUCT_NAME = "$(TARGET_NAME)";
				TARGETED_DEVICE_FAMILY = "1,2";
			};
			name = Release;
		};
		0E4A5660209855A200FB030E /* Debug */ = {
			isa = XCBuildConfiguration;
			buildSettings = {
				BUNDLE_LOADER = "$(TEST_HOST)";
				CODE_SIGN_STYLE = Automatic;
				DEVELOPMENT_TEAM = 69CVW24Z53;
				INFOPLIST_FILE = ScrollviewDemoTests/Info.plist;
				LD_RUNPATH_SEARCH_PATHS = (
					"$(inherited)",
					"@executable_path/Frameworks",
					"@loader_path/Frameworks",
				);
				PRODUCT_BUNDLE_IDENTIFIER = zj.ScrollviewDemoTests;
				PRODUCT_NAME = "$(TARGET_NAME)";
				TARGETED_DEVICE_FAMILY = "1,2";
				TEST_HOST = "$(BUILT_PRODUCTS_DIR)/ScrollviewDemo.app/ScrollviewDemo";
			};
			name = Debug;
		};
		0E4A5661209855A200FB030E /* Release */ = {
			isa = XCBuildConfiguration;
			buildSettings = {
				BUNDLE_LOADER = "$(TEST_HOST)";
				CODE_SIGN_STYLE = Automatic;
				DEVELOPMENT_TEAM = 69CVW24Z53;
				INFOPLIST_FILE = ScrollviewDemoTests/Info.plist;
				LD_RUNPATH_SEARCH_PATHS = (
					"$(inherited)",
					"@executable_path/Frameworks",
					"@loader_path/Frameworks",
				);
				PRODUCT_BUNDLE_IDENTIFIER = zj.ScrollviewDemoTests;
				PRODUCT_NAME = "$(TARGET_NAME)";
				TARGETED_DEVICE_FAMILY = "1,2";
				TEST_HOST = "$(BUILT_PRODUCTS_DIR)/ScrollviewDemo.app/ScrollviewDemo";
			};
			name = Release;
		};
		0E4A5663209855A200FB030E /* Debug */ = {
			isa = XCBuildConfiguration;
			buildSettings = {
				CODE_SIGN_STYLE = Automatic;
				DEVELOPMENT_TEAM = 69CVW24Z53;
				INFOPLIST_FILE = ScrollviewDemoUITests/Info.plist;
				LD_RUNPATH_SEARCH_PATHS = (
					"$(inherited)",
					"@executable_path/Frameworks",
					"@loader_path/Frameworks",
				);
				PRODUCT_BUNDLE_IDENTIFIER = zj.ScrollviewDemoUITests;
				PRODUCT_NAME = "$(TARGET_NAME)";
				TARGETED_DEVICE_FAMILY = "1,2";
				TEST_TARGET_NAME = ScrollviewDemo;
			};
			name = Debug;
		};
		0E4A5664209855A200FB030E /* Release */ = {
			isa = XCBuildConfiguration;
			buildSettings = {
				CODE_SIGN_STYLE = Automatic;
				DEVELOPMENT_TEAM = 69CVW24Z53;
				INFOPLIST_FILE = ScrollviewDemoUITests/Info.plist;
				LD_RUNPATH_SEARCH_PATHS = (
					"$(inherited)",
					"@executable_path/Frameworks",
					"@loader_path/Frameworks",
				);
				PRODUCT_BUNDLE_IDENTIFIER = zj.ScrollviewDemoUITests;
				PRODUCT_NAME = "$(TARGET_NAME)";
				TARGETED_DEVICE_FAMILY = "1,2";
				TEST_TARGET_NAME = ScrollviewDemo;
			};
			name = Release;
		};
/* End XCBuildConfiguration section */

/* Begin XCConfigurationList section */
		0E4A562B2098559E00FB030E /* Build configuration list for PBXProject "ScrollviewDemo" */ = {
			isa = XCConfigurationList;
			buildConfigurations = (
				0E4A565A209855A200FB030E /* Debug */,
				0E4A565B209855A200FB030E /* Release */,
			);
			defaultConfigurationIsVisible = 0;
			defaultConfigurationName = Release;
		};
		0E4A565C209855A200FB030E /* Build configuration list for PBXNativeTarget "ScrollviewDemo" */ = {
			isa = XCConfigurationList;
			buildConfigurations = (
				0E4A565D209855A200FB030E /* Debug */,
				0E4A565E209855A200FB030E /* Release */,
			);
			defaultConfigurationIsVisible = 0;
			defaultConfigurationName = Release;
		};
		0E4A565F209855A200FB030E /* Build configuration list for PBXNativeTarget "ScrollviewDemoTests" */ = {
			isa = XCConfigurationList;
			buildConfigurations = (
				0E4A5660209855A200FB030E /* Debug */,
				0E4A5661209855A200FB030E /* Release */,
			);
			defaultConfigurationIsVisible = 0;
			defaultConfigurationName = Release;
		};
		0E4A5662209855A200FB030E /* Build configuration list for PBXNativeTarget "ScrollviewDemoUITests" */ = {
			isa = XCConfigurationList;
			buildConfigurations = (
				0E4A5663209855A200FB030E /* Debug */,
				0E4A5664209855A200FB030E /* Release */,
			);
			defaultConfigurationIsVisible = 0;
			defaultConfigurationName = Release;
		};
/* End XCConfigurationList section */
	};
	rootObject = 0E4A56282098559E00FB030E /* Project object */;
}
